// !$*UTF8*$!
{
	archiveVersion = 1;
	classes = {
	};
	objectVersion = 46;
	objects = {

/* Begin PBXAggregateTarget section */
		"Rsrc::RsrcPackageTests::ProductTarget" /* RsrcPackageTests */ = {
			isa = PBXAggregateTarget;
			buildConfigurationList = OBJ_72 /* Build configuration list for PBXAggregateTarget "RsrcPackageTests" */;
			buildPhases = (
			);
			dependencies = (
				OBJ_75 /* PBXTargetDependency */,
			);
			name = RsrcPackageTests;
			productName = RsrcPackageTests;
		};
/* End PBXAggregateTarget section */

/* Begin PBXBuildFile section */
		6BE6DD9323A5AF9000F51AEA /* index.png in Resources */ = {isa = PBXBuildFile; fileRef = 6BE6DD8F23A5AECB00F51AEA /* index.png */; };
		6BE6DD9423A5AF9600F51AEA /* Person.json in Resources */ = {isa = PBXBuildFile; fileRef = 6BE6DD8023A5AE0000F51AEA /* Person.json */; };
		6BE6DD9523A5AF9C00F51AEA /* StringTestsResourceFile in Resources */ = {isa = PBXBuildFile; fileRef = 6BE6DD9123A5AF4500F51AEA /* StringTestsResourceFile */; };
		OBJ_48 /* NibLoadable.swift in Sources */ = {isa = PBXBuildFile; fileRef = OBJ_10 /* NibLoadable.swift */; };
		OBJ_49 /* StringExtensions.swift in Sources */ = {isa = PBXBuildFile; fileRef = OBJ_11 /* StringExtensions.swift */; };
		OBJ_50 /* DataSupportedResourceTypeExtensions.swift in Sources */ = {isa = PBXBuildFile; fileRef = OBJ_13 /* DataSupportedResourceTypeExtensions.swift */; };
		OBJ_51 /* SecCertificateRefSupportedResourceTypeExtensions.swift in Sources */ = {isa = PBXBuildFile; fileRef = OBJ_14 /* SecCertificateRefSupportedResourceTypeExtensions.swift */; };
		OBJ_52 /* StringSupportedResourceTypeExtensions.swift in Sources */ = {isa = PBXBuildFile; fileRef = OBJ_15 /* StringSupportedResourceTypeExtensions.swift */; };
		OBJ_53 /* UIImageSupportedResourceTypeExtensions.swift in Sources */ = {isa = PBXBuildFile; fileRef = OBJ_16 /* UIImageSupportedResourceTypeExtensions.swift */; };
		OBJ_54 /* UINibSupportedResourceTypeExtensions.swift in Sources */ = {isa = PBXBuildFile; fileRef = OBJ_17 /* UINibSupportedResourceTypeExtensions.swift */; };
		OBJ_55 /* Resourcable.swift in Sources */ = {isa = PBXBuildFile; fileRef = OBJ_18 /* Resourcable.swift */; };
		OBJ_56 /* Resource.swift in Sources */ = {isa = PBXBuildFile; fileRef = OBJ_19 /* Resource.swift */; };
		OBJ_57 /* ResourceCodableExtensions.swift in Sources */ = {isa = PBXBuildFile; fileRef = OBJ_21 /* ResourceCodableExtensions.swift */; };
		OBJ_58 /* ResourceDataExtensions.swift in Sources */ = {isa = PBXBuildFile; fileRef = OBJ_22 /* ResourceDataExtensions.swift */; };
		OBJ_59 /* ResourceSecCertificateExtensions.swift in Sources */ = {isa = PBXBuildFile; fileRef = OBJ_23 /* ResourceSecCertificateExtensions.swift */; };
		OBJ_60 /* ResourceStringExtensions.swift in Sources */ = {isa = PBXBuildFile; fileRef = OBJ_24 /* ResourceStringExtensions.swift */; };
		OBJ_61 /* ResourceUIImageExtensions.swift in Sources */ = {isa = PBXBuildFile; fileRef = OBJ_25 /* ResourceUIImageExtensions.swift */; };
		OBJ_62 /* ResourceUINibExtensions.swift in Sources */ = {isa = PBXBuildFile; fileRef = OBJ_26 /* ResourceUINibExtensions.swift */; };
		OBJ_63 /* SupportedResourceType.swift in Sources */ = {isa = PBXBuildFile; fileRef = OBJ_27 /* SupportedResourceType.swift */; };
		OBJ_70 /* Package.swift in Sources */ = {isa = PBXBuildFile; fileRef = OBJ_6 /* Package.swift */; };
		OBJ_81 /* CodableTests.swift in Sources */ = {isa = PBXBuildFile; fileRef = OBJ_31 /* CodableTests.swift */; };
		OBJ_82 /* RsrcTests.swift in Sources */ = {isa = PBXBuildFile; fileRef = OBJ_32 /* RsrcTests.swift */; };
		OBJ_83 /* StringResourceTests.swift in Sources */ = {isa = PBXBuildFile; fileRef = OBJ_34 /* StringResourceTests.swift */; };
		OBJ_84 /* UIImageTests.swift in Sources */ = {isa = PBXBuildFile; fileRef = OBJ_36 /* UIImageTests.swift */; };
		OBJ_85 /* XCTestManifests.swift in Sources */ = {isa = PBXBuildFile; fileRef = OBJ_37 /* XCTestManifests.swift */; };
		OBJ_87 /* Rsrc.framework in Frameworks */ = {isa = PBXBuildFile; fileRef = "Rsrc::Rsrc::Product" /* Rsrc.framework */; };
/* End PBXBuildFile section */

/* Begin PBXContainerItemProxy section */
		6BE6DD7E23A5AD3100F51AEA /* PBXContainerItemProxy */ = {
			isa = PBXContainerItemProxy;
			containerPortal = OBJ_1 /* Project object */;
			proxyType = 1;
			remoteGlobalIDString = "Rsrc::Rsrc";
			remoteInfo = Rsrc;
		};
		6BE6DD7F23A5AD3300F51AEA /* PBXContainerItemProxy */ = {
			isa = PBXContainerItemProxy;
			containerPortal = OBJ_1 /* Project object */;
			proxyType = 1;
			remoteGlobalIDString = "Rsrc::RsrcTests";
			remoteInfo = RsrcTests;
		};
/* End PBXContainerItemProxy section */

/* Begin PBXFileReference section */
		6BE6DD8023A5AE0000F51AEA /* Person.json */ = {isa = PBXFileReference; fileEncoding = 4; lastKnownFileType = text.json; path = Person.json; sourceTree = "<group>"; };
		6BE6DD8823A5AE4600F51AEA /* RsrcUnitTests.swift */ = {isa = PBXFileReference; lastKnownFileType = sourcecode.swift; path = RsrcUnitTests.swift; sourceTree = "<group>"; };
		6BE6DD8A23A5AE4600F51AEA /* Info.plist */ = {isa = PBXFileReference; lastKnownFileType = text.plist.xml; path = Info.plist; sourceTree = "<group>"; };
		6BE6DD8F23A5AECB00F51AEA /* index.png */ = {isa = PBXFileReference; lastKnownFileType = image.png; name = index.png; path = Resources/index.png; sourceTree = "<group>"; };
		6BE6DD9023A5AF1600F51AEA /* RsrcUnitTestPlan.xctestplan */ = {isa = PBXFileReference; lastKnownFileType = text; path = RsrcUnitTestPlan.xctestplan; sourceTree = "<group>"; };
		6BE6DD9123A5AF4500F51AEA /* StringTestsResourceFile */ = {isa = PBXFileReference; fileEncoding = 4; lastKnownFileType = text; name = StringTestsResourceFile; path = Resources/StringTestsResourceFile; sourceTree = "<group>"; };
		OBJ_10 /* NibLoadable.swift */ = {isa = PBXFileReference; lastKnownFileType = sourcecode.swift; path = NibLoadable.swift; sourceTree = "<group>"; };
		OBJ_11 /* StringExtensions.swift */ = {isa = PBXFileReference; lastKnownFileType = sourcecode.swift; path = StringExtensions.swift; sourceTree = "<group>"; };
		OBJ_13 /* DataSupportedResourceTypeExtensions.swift */ = {isa = PBXFileReference; lastKnownFileType = sourcecode.swift; path = DataSupportedResourceTypeExtensions.swift; sourceTree = "<group>"; };
		OBJ_14 /* SecCertificateRefSupportedResourceTypeExtensions.swift */ = {isa = PBXFileReference; lastKnownFileType = sourcecode.swift; path = SecCertificateRefSupportedResourceTypeExtensions.swift; sourceTree = "<group>"; };
		OBJ_15 /* StringSupportedResourceTypeExtensions.swift */ = {isa = PBXFileReference; lastKnownFileType = sourcecode.swift; path = StringSupportedResourceTypeExtensions.swift; sourceTree = "<group>"; };
		OBJ_16 /* UIImageSupportedResourceTypeExtensions.swift */ = {isa = PBXFileReference; lastKnownFileType = sourcecode.swift; path = UIImageSupportedResourceTypeExtensions.swift; sourceTree = "<group>"; };
		OBJ_17 /* UINibSupportedResourceTypeExtensions.swift */ = {isa = PBXFileReference; lastKnownFileType = sourcecode.swift; path = UINibSupportedResourceTypeExtensions.swift; sourceTree = "<group>"; };
		OBJ_18 /* Resourcable.swift */ = {isa = PBXFileReference; lastKnownFileType = sourcecode.swift; path = Resourcable.swift; sourceTree = "<group>"; };
		OBJ_19 /* Resource.swift */ = {isa = PBXFileReference; lastKnownFileType = sourcecode.swift; path = Resource.swift; sourceTree = "<group>"; };
		OBJ_21 /* ResourceCodableExtensions.swift */ = {isa = PBXFileReference; lastKnownFileType = sourcecode.swift; path = ResourceCodableExtensions.swift; sourceTree = "<group>"; };
		OBJ_22 /* ResourceDataExtensions.swift */ = {isa = PBXFileReference; lastKnownFileType = sourcecode.swift; path = ResourceDataExtensions.swift; sourceTree = "<group>"; };
		OBJ_23 /* ResourceSecCertificateExtensions.swift */ = {isa = PBXFileReference; lastKnownFileType = sourcecode.swift; path = ResourceSecCertificateExtensions.swift; sourceTree = "<group>"; };
		OBJ_24 /* ResourceStringExtensions.swift */ = {isa = PBXFileReference; lastKnownFileType = sourcecode.swift; path = ResourceStringExtensions.swift; sourceTree = "<group>"; };
		OBJ_25 /* ResourceUIImageExtensions.swift */ = {isa = PBXFileReference; lastKnownFileType = sourcecode.swift; path = ResourceUIImageExtensions.swift; sourceTree = "<group>"; };
		OBJ_26 /* ResourceUINibExtensions.swift */ = {isa = PBXFileReference; lastKnownFileType = sourcecode.swift; path = ResourceUINibExtensions.swift; sourceTree = "<group>"; };
		OBJ_27 /* SupportedResourceType.swift */ = {isa = PBXFileReference; lastKnownFileType = sourcecode.swift; path = SupportedResourceType.swift; sourceTree = "<group>"; };
		OBJ_31 /* CodableTests.swift */ = {isa = PBXFileReference; lastKnownFileType = sourcecode.swift; path = CodableTests.swift; sourceTree = "<group>"; };
		OBJ_32 /* RsrcTests.swift */ = {isa = PBXFileReference; lastKnownFileType = sourcecode.swift; path = RsrcTests.swift; sourceTree = "<group>"; };
		OBJ_34 /* StringResourceTests.swift */ = {isa = PBXFileReference; lastKnownFileType = sourcecode.swift; path = StringResourceTests.swift; sourceTree = "<group>"; };
		OBJ_36 /* UIImageTests.swift */ = {isa = PBXFileReference; lastKnownFileType = sourcecode.swift; path = UIImageTests.swift; sourceTree = "<group>"; };
		OBJ_37 /* XCTestManifests.swift */ = {isa = PBXFileReference; lastKnownFileType = sourcecode.swift; path = XCTestManifests.swift; sourceTree = "<group>"; };
		OBJ_41 /* License.md */ = {isa = PBXFileReference; lastKnownFileType = net.daringfireball.markdown; path = License.md; sourceTree = "<group>"; };
		OBJ_42 /* README.md */ = {isa = PBXFileReference; lastKnownFileType = net.daringfireball.markdown; path = README.md; sourceTree = "<group>"; };
		OBJ_6 /* Package.swift */ = {isa = PBXFileReference; explicitFileType = sourcecode.swift; path = Package.swift; sourceTree = "<group>"; };
		"Rsrc::Rsrc::Product" /* Rsrc.framework */ = {isa = PBXFileReference; lastKnownFileType = wrapper.framework; path = Rsrc.framework; sourceTree = BUILT_PRODUCTS_DIR; };
		"Rsrc::RsrcTests::Product" /* RsrcTests.xctest */ = {isa = PBXFileReference; lastKnownFileType = file; path = RsrcTests.xctest; sourceTree = BUILT_PRODUCTS_DIR; };
/* End PBXFileReference section */

/* Begin PBXFrameworksBuildPhase section */
		OBJ_64 /* Frameworks */ = {
			isa = PBXFrameworksBuildPhase;
			buildActionMask = 0;
			files = (
			);
			runOnlyForDeploymentPostprocessing = 0;
		};
		OBJ_86 /* Frameworks */ = {
			isa = PBXFrameworksBuildPhase;
			buildActionMask = 0;
			files = (
				OBJ_87 /* Rsrc.framework in Frameworks */,
			);
			runOnlyForDeploymentPostprocessing = 0;
		};
/* End PBXFrameworksBuildPhase section */

/* Begin PBXGroup section */
		6BE6DD8123A5AE0800F51AEA /* Resources */ = {
			isa = PBXGroup;
			children = (
				6BE6DD8023A5AE0000F51AEA /* Person.json */,
			);
			path = Resources;
			sourceTree = "<group>";
		};
		6BE6DD8723A5AE4600F51AEA /* RsrcUnitTests */ = {
			isa = PBXGroup;
			children = (
				6BE6DD8823A5AE4600F51AEA /* RsrcUnitTests.swift */,
				6BE6DD8A23A5AE4600F51AEA /* Info.plist */,
			);
			path = RsrcUnitTests;
			sourceTree = "<group>";
		};
		OBJ_12 /* NativeTypeExtensions */ = {
			isa = PBXGroup;
			children = (
				OBJ_13 /* DataSupportedResourceTypeExtensions.swift */,
				OBJ_14 /* SecCertificateRefSupportedResourceTypeExtensions.swift */,
				OBJ_15 /* StringSupportedResourceTypeExtensions.swift */,
				OBJ_16 /* UIImageSupportedResourceTypeExtensions.swift */,
				OBJ_17 /* UINibSupportedResourceTypeExtensions.swift */,
			);
			path = NativeTypeExtensions;
			sourceTree = "<group>";
		};
		OBJ_20 /* ResourceExtensions */ = {
			isa = PBXGroup;
			children = (
				OBJ_21 /* ResourceCodableExtensions.swift */,
				OBJ_22 /* ResourceDataExtensions.swift */,
				OBJ_23 /* ResourceSecCertificateExtensions.swift */,
				OBJ_24 /* ResourceStringExtensions.swift */,
				OBJ_25 /* ResourceUIImageExtensions.swift */,
				OBJ_26 /* ResourceUINibExtensions.swift */,
			);
			path = ResourceExtensions;
			sourceTree = "<group>";
		};
		OBJ_28 /* Tests */ = {
			isa = PBXGroup;
			children = (
				OBJ_29 /* RsrcTests */,
			);
			name = Tests;
			sourceTree = SOURCE_ROOT;
		};
		OBJ_29 /* RsrcTests */ = {
			isa = PBXGroup;
			children = (
				6BE6DD9023A5AF1600F51AEA /* RsrcUnitTestPlan.xctestplan */,
				OBJ_30 /* CodableTests */,
				OBJ_32 /* RsrcTests.swift */,
				OBJ_33 /* StringTests */,
				OBJ_35 /* UIImageTests */,
				OBJ_37 /* XCTestManifests.swift */,
			);
			name = RsrcTests;
			path = Tests/RsrcTests;
			sourceTree = SOURCE_ROOT;
		};
		OBJ_30 /* CodableTests */ = {
			isa = PBXGroup;
			children = (
				6BE6DD8123A5AE0800F51AEA /* Resources */,
				OBJ_31 /* CodableTests.swift */,
			);
			path = CodableTests;
			sourceTree = "<group>";
		};
		OBJ_33 /* StringTests */ = {
			isa = PBXGroup;
			children = (
				6BE6DD9123A5AF4500F51AEA /* StringTestsResourceFile */,
				OBJ_34 /* StringResourceTests.swift */,
			);
			path = StringTests;
			sourceTree = "<group>";
		};
		OBJ_35 /* UIImageTests */ = {
			isa = PBXGroup;
			children = (
				6BE6DD8F23A5AECB00F51AEA /* index.png */,
				OBJ_36 /* UIImageTests.swift */,
			);
			path = UIImageTests;
			sourceTree = "<group>";
		};
		OBJ_38 /* Products */ = {
			isa = PBXGroup;
			children = (
				"Rsrc::Rsrc::Product" /* Rsrc.framework */,
				"Rsrc::RsrcTests::Product" /* RsrcTests.xctest */,
			);
			name = Products;
			sourceTree = BUILT_PRODUCTS_DIR;
		};
		OBJ_5 /*  */ = {
			isa = PBXGroup;
			children = (
				OBJ_6 /* Package.swift */,
				OBJ_7 /* Sources */,
				OBJ_28 /* Tests */,
				6BE6DD8723A5AE4600F51AEA /* RsrcUnitTests */,
				OBJ_38 /* Products */,
				OBJ_41 /* License.md */,
				OBJ_42 /* README.md */,
			);
			name = "";
			sourceTree = "<group>";
		};
		OBJ_7 /* Sources */ = {
			isa = PBXGroup;
			children = (
				OBJ_8 /* Rsrc */,
			);
			name = Sources;
			sourceTree = SOURCE_ROOT;
		};
		OBJ_8 /* Rsrc */ = {
			isa = PBXGroup;
			children = (
				OBJ_9 /* Common */,
				OBJ_12 /* NativeTypeExtensions */,
				OBJ_18 /* Resourcable.swift */,
				OBJ_19 /* Resource.swift */,
				OBJ_20 /* ResourceExtensions */,
				OBJ_27 /* SupportedResourceType.swift */,
			);
			name = Rsrc;
			path = Sources/Rsrc;
			sourceTree = SOURCE_ROOT;
		};
		OBJ_9 /* Common */ = {
			isa = PBXGroup;
			children = (
				OBJ_10 /* NibLoadable.swift */,
				OBJ_11 /* StringExtensions.swift */,
			);
			path = Common;
			sourceTree = "<group>";
		};
/* End PBXGroup section */

/* Begin PBXNativeTarget section */
		"Rsrc::Rsrc" /* Rsrc */ = {
			isa = PBXNativeTarget;
			buildConfigurationList = OBJ_44 /* Build configuration list for PBXNativeTarget "Rsrc" */;
			buildPhases = (
				OBJ_47 /* Sources */,
				OBJ_64 /* Frameworks */,
			);
			buildRules = (
			);
			dependencies = (
			);
			name = Rsrc;
			productName = Rsrc;
			productReference = "Rsrc::Rsrc::Product" /* Rsrc.framework */;
			productType = "com.apple.product-type.framework";
		};
		"Rsrc::RsrcTests" /* RsrcTests */ = {
			isa = PBXNativeTarget;
			buildConfigurationList = OBJ_77 /* Build configuration list for PBXNativeTarget "RsrcTests" */;
			buildPhases = (
				OBJ_80 /* Sources */,
				OBJ_86 /* Frameworks */,
				6BE6DD9223A5AF8500F51AEA /* Resources */,
			);
			buildRules = (
			);
			dependencies = (
				OBJ_88 /* PBXTargetDependency */,
			);
			name = RsrcTests;
			productName = RsrcTests;
			productReference = "Rsrc::RsrcTests::Product" /* RsrcTests.xctest */;
			productType = "com.apple.product-type.bundle.unit-test";
		};
		"Rsrc::SwiftPMPackageDescription" /* RsrcPackageDescription */ = {
			isa = PBXNativeTarget;
			buildConfigurationList = OBJ_66 /* Build configuration list for PBXNativeTarget "RsrcPackageDescription" */;
			buildPhases = (
				OBJ_69 /* Sources */,
			);
			buildRules = (
			);
			dependencies = (
			);
			name = RsrcPackageDescription;
			productName = RsrcPackageDescription;
			productType = "com.apple.product-type.framework";
		};
/* End PBXNativeTarget section */

/* Begin PBXProject section */
		OBJ_1 /* Project object */ = {
			isa = PBXProject;
			attributes = {
				LastSwiftMigration = 9999;
				LastSwiftUpdateCheck = 1130;
				LastUpgradeCheck = 9999;
			};
			buildConfigurationList = OBJ_2 /* Build configuration list for PBXProject "Rsrc" */;
			compatibilityVersion = "Xcode 3.2";
			developmentRegion = en;
			hasScannedForEncodings = 0;
			knownRegions = (
				en,
			);
			mainGroup = OBJ_5 /*  */;
			productRefGroup = OBJ_38 /* Products */;
			projectDirPath = "";
			projectRoot = "";
			targets = (
				"Rsrc::Rsrc" /* Rsrc */,
				"Rsrc::SwiftPMPackageDescription" /* RsrcPackageDescription */,
				"Rsrc::RsrcPackageTests::ProductTarget" /* RsrcPackageTests */,
				"Rsrc::RsrcTests" /* RsrcTests */,
			);
		};
/* End PBXProject section */

/* Begin PBXResourcesBuildPhase section */
		6BE6DD9223A5AF8500F51AEA /* Resources */ = {
			isa = PBXResourcesBuildPhase;
			buildActionMask = 2147483647;
			files = (
				6BE6DD9523A5AF9C00F51AEA /* StringTestsResourceFile in Resources */,
				6BE6DD9423A5AF9600F51AEA /* Person.json in Resources */,
				6BE6DD9323A5AF9000F51AEA /* index.png in Resources */,
			);
			runOnlyForDeploymentPostprocessing = 0;
		};
/* End PBXResourcesBuildPhase section */

/* Begin PBXSourcesBuildPhase section */
		OBJ_47 /* Sources */ = {
			isa = PBXSourcesBuildPhase;
			buildActionMask = 0;
			files = (
				OBJ_48 /* NibLoadable.swift in Sources */,
				OBJ_49 /* StringExtensions.swift in Sources */,
				OBJ_50 /* DataSupportedResourceTypeExtensions.swift in Sources */,
				OBJ_51 /* SecCertificateRefSupportedResourceTypeExtensions.swift in Sources */,
				OBJ_52 /* StringSupportedResourceTypeExtensions.swift in Sources */,
				OBJ_53 /* UIImageSupportedResourceTypeExtensions.swift in Sources */,
				OBJ_54 /* UINibSupportedResourceTypeExtensions.swift in Sources */,
				OBJ_55 /* Resourcable.swift in Sources */,
				OBJ_56 /* Resource.swift in Sources */,
				OBJ_57 /* ResourceCodableExtensions.swift in Sources */,
				OBJ_58 /* ResourceDataExtensions.swift in Sources */,
				OBJ_59 /* ResourceSecCertificateExtensions.swift in Sources */,
				OBJ_60 /* ResourceStringExtensions.swift in Sources */,
				OBJ_61 /* ResourceUIImageExtensions.swift in Sources */,
				OBJ_62 /* ResourceUINibExtensions.swift in Sources */,
				OBJ_63 /* SupportedResourceType.swift in Sources */,
			);
			runOnlyForDeploymentPostprocessing = 0;
		};
		OBJ_69 /* Sources */ = {
			isa = PBXSourcesBuildPhase;
			buildActionMask = 0;
			files = (
				OBJ_70 /* Package.swift in Sources */,
			);
			runOnlyForDeploymentPostprocessing = 0;
		};
		OBJ_80 /* Sources */ = {
			isa = PBXSourcesBuildPhase;
			buildActionMask = 0;
			files = (
				OBJ_81 /* CodableTests.swift in Sources */,
				OBJ_82 /* RsrcTests.swift in Sources */,
				OBJ_83 /* StringResourceTests.swift in Sources */,
				OBJ_84 /* UIImageTests.swift in Sources */,
				OBJ_85 /* XCTestManifests.swift in Sources */,
			);
			runOnlyForDeploymentPostprocessing = 0;
		};
/* End PBXSourcesBuildPhase section */

/* Begin PBXTargetDependency section */
		OBJ_75 /* PBXTargetDependency */ = {
			isa = PBXTargetDependency;
			target = "Rsrc::RsrcTests" /* RsrcTests */;
			targetProxy = 6BE6DD7F23A5AD3300F51AEA /* PBXContainerItemProxy */;
		};
		OBJ_88 /* PBXTargetDependency */ = {
			isa = PBXTargetDependency;
			target = "Rsrc::Rsrc" /* Rsrc */;
			targetProxy = 6BE6DD7E23A5AD3100F51AEA /* PBXContainerItemProxy */;
		};
/* End PBXTargetDependency section */

/* Begin XCBuildConfiguration section */
		OBJ_3 /* Debug */ = {
			isa = XCBuildConfiguration;
			buildSettings = {
				CLANG_ENABLE_OBJC_ARC = YES;
				COMBINE_HIDPI_IMAGES = YES;
				COPY_PHASE_STRIP = NO;
				DEBUG_INFORMATION_FORMAT = dwarf;
				DYLIB_INSTALL_NAME_BASE = "@rpath";
				ENABLE_NS_ASSERTIONS = YES;
				GCC_OPTIMIZATION_LEVEL = 0;
				GCC_PREPROCESSOR_DEFINITIONS = (
					"$(inherited)",
					"SWIFT_PACKAGE=1",
					"DEBUG=1",
				);
				MACOSX_DEPLOYMENT_TARGET = 10.10;
				ONLY_ACTIVE_ARCH = YES;
				OTHER_SWIFT_FLAGS = "$(inherited) -DXcode";
				PRODUCT_NAME = "$(TARGET_NAME)";
				SDKROOT = iphoneos;
				SUPPORTED_PLATFORMS = "macosx iphoneos iphonesimulator appletvos appletvsimulator watchos watchsimulator";
				SWIFT_ACTIVE_COMPILATION_CONDITIONS = "$(inherited) SWIFT_PACKAGE DEBUG";
				SWIFT_OPTIMIZATION_LEVEL = "-Onone";
				USE_HEADERMAP = NO;
			};
			name = Debug;
		};
		OBJ_4 /* Release */ = {
			isa = XCBuildConfiguration;
			buildSettings = {
				CLANG_ENABLE_OBJC_ARC = YES;
				COMBINE_HIDPI_IMAGES = YES;
				COPY_PHASE_STRIP = YES;
				DEBUG_INFORMATION_FORMAT = "dwarf-with-dsym";
				DYLIB_INSTALL_NAME_BASE = "@rpath";
				GCC_OPTIMIZATION_LEVEL = s;
				GCC_PREPROCESSOR_DEFINITIONS = (
					"$(inherited)",
					"SWIFT_PACKAGE=1",
				);
				MACOSX_DEPLOYMENT_TARGET = 10.10;
				OTHER_SWIFT_FLAGS = "$(inherited) -DXcode";
				PRODUCT_NAME = "$(TARGET_NAME)";
				SDKROOT = iphoneos;
				SUPPORTED_PLATFORMS = "macosx iphoneos iphonesimulator appletvos appletvsimulator watchos watchsimulator";
				SWIFT_ACTIVE_COMPILATION_CONDITIONS = "$(inherited) SWIFT_PACKAGE";
				SWIFT_OPTIMIZATION_LEVEL = "-Owholemodule";
				USE_HEADERMAP = NO;
			};
			name = Release;
		};
		OBJ_45 /* Debug */ = {
			isa = XCBuildConfiguration;
			buildSettings = {
				ENABLE_TESTABILITY = YES;
				FRAMEWORK_SEARCH_PATHS = (
					"$(inherited)",
					"$(PLATFORM_DIR)/Developer/Library/Frameworks",
				);
				HEADER_SEARCH_PATHS = "$(inherited)";
				INFOPLIST_FILE = Rsrc.xcodeproj/Rsrc_Info.plist;
				IPHONEOS_DEPLOYMENT_TARGET = 11.0;
				LD_RUNPATH_SEARCH_PATHS = "$(inherited) $(TOOLCHAIN_DIR)/usr/lib/swift/macosx";
				MACOSX_DEPLOYMENT_TARGET = 10.10;
				OTHER_CFLAGS = "$(inherited)";
				OTHER_LDFLAGS = "$(inherited)";
				OTHER_SWIFT_FLAGS = "$(inherited)";
				PRODUCT_BUNDLE_IDENTIFIER = Rsrc;
				PRODUCT_MODULE_NAME = "$(TARGET_NAME:c99extidentifier)";
				PRODUCT_NAME = "$(TARGET_NAME:c99extidentifier)";
				SKIP_INSTALL = YES;
				SWIFT_ACTIVE_COMPILATION_CONDITIONS = "$(inherited)";
				SWIFT_VERSION = 5.0;
				TARGET_NAME = Rsrc;
				TVOS_DEPLOYMENT_TARGET = 9.0;
				WATCHOS_DEPLOYMENT_TARGET = 2.0;
			};
			name = Debug;
		};
		OBJ_46 /* Release */ = {
			isa = XCBuildConfiguration;
			buildSettings = {
				ENABLE_TESTABILITY = YES;
				FRAMEWORK_SEARCH_PATHS = (
					"$(inherited)",
					"$(PLATFORM_DIR)/Developer/Library/Frameworks",
				);
				HEADER_SEARCH_PATHS = "$(inherited)";
				INFOPLIST_FILE = Rsrc.xcodeproj/Rsrc_Info.plist;
				IPHONEOS_DEPLOYMENT_TARGET = 11.0;
				LD_RUNPATH_SEARCH_PATHS = "$(inherited) $(TOOLCHAIN_DIR)/usr/lib/swift/macosx";
				MACOSX_DEPLOYMENT_TARGET = 10.10;
				OTHER_CFLAGS = "$(inherited)";
				OTHER_LDFLAGS = "$(inherited)";
				OTHER_SWIFT_FLAGS = "$(inherited)";
				PRODUCT_BUNDLE_IDENTIFIER = Rsrc;
				PRODUCT_MODULE_NAME = "$(TARGET_NAME:c99extidentifier)";
				PRODUCT_NAME = "$(TARGET_NAME:c99extidentifier)";
				SKIP_INSTALL = YES;
				SWIFT_ACTIVE_COMPILATION_CONDITIONS = "$(inherited)";
				SWIFT_VERSION = 5.0;
				TARGET_NAME = Rsrc;
				TVOS_DEPLOYMENT_TARGET = 9.0;
				WATCHOS_DEPLOYMENT_TARGET = 2.0;
			};
			name = Release;
		};
		OBJ_67 /* Debug */ = {
			isa = XCBuildConfiguration;
			buildSettings = {
				LD = /usr/bin/true;
				OTHER_SWIFT_FLAGS = "-swift-version 5 -I $(TOOLCHAIN_DIR)/usr/lib/swift/pm/4_2 -target x86_64-apple-macosx10.10 -sdk /Applications/Xcode.app/Contents/Developer/Platforms/MacOSX.platform/Developer/SDKs/MacOSX10.15.sdk -package-description-version 5.1";
				SWIFT_VERSION = 5.0;
			};
			name = Debug;
		};
		OBJ_68 /* Release */ = {
			isa = XCBuildConfiguration;
			buildSettings = {
				LD = /usr/bin/true;
				OTHER_SWIFT_FLAGS = "-swift-version 5 -I $(TOOLCHAIN_DIR)/usr/lib/swift/pm/4_2 -target x86_64-apple-macosx10.10 -sdk /Applications/Xcode.app/Contents/Developer/Platforms/MacOSX.platform/Developer/SDKs/MacOSX10.15.sdk -package-description-version 5.1";
				SWIFT_VERSION = 5.0;
			};
			name = Release;
		};
		OBJ_73 /* Debug */ = {
			isa = XCBuildConfiguration;
			buildSettings = {
			};
			name = Debug;
		};
		OBJ_74 /* Release */ = {
			isa = XCBuildConfiguration;
			buildSettings = {
			};
			name = Release;
		};
		OBJ_78 /* Debug */ = {
			isa = XCBuildConfiguration;
			buildSettings = {
				CLANG_ENABLE_MODULES = YES;
				EMBEDDED_CONTENT_CONTAINS_SWIFT = YES;
				FRAMEWORK_SEARCH_PATHS = (
					"$(inherited)",
					"$(PLATFORM_DIR)/Developer/Library/Frameworks",
				);
				HEADER_SEARCH_PATHS = "$(inherited)";
				INFOPLIST_FILE = Rsrc.xcodeproj/RsrcTests_Info.plist;
				IPHONEOS_DEPLOYMENT_TARGET = 11.0;
				LD_RUNPATH_SEARCH_PATHS = "$(inherited) @loader_path/../Frameworks @loader_path/Frameworks";
				MACOSX_DEPLOYMENT_TARGET = 10.10;
				OTHER_CFLAGS = "$(inherited)";
				OTHER_LDFLAGS = "$(inherited)";
				OTHER_SWIFT_FLAGS = "$(inherited)";
				SWIFT_ACTIVE_COMPILATION_CONDITIONS = "$(inherited)";
				SWIFT_VERSION = 5.0;
				TARGET_NAME = RsrcTests;
				TVOS_DEPLOYMENT_TARGET = 9.0;
				WATCHOS_DEPLOYMENT_TARGET = 2.0;
			};
			name = Debug;
		};
		OBJ_79 /* Release */ = {
			isa = XCBuildConfiguration;
			buildSettings = {
				CLANG_ENABLE_MODULES = YES;
				EMBEDDED_CONTENT_CONTAINS_SWIFT = YES;
				FRAMEWORK_SEARCH_PATHS = (
					"$(inherited)",
					"$(PLATFORM_DIR)/Developer/Library/Frameworks",
				);
				HEADER_SEARCH_PATHS = "$(inherited)";
				INFOPLIST_FILE = Rsrc.xcodeproj/RsrcTests_Info.plist;
				IPHONEOS_DEPLOYMENT_TARGET = 11.0;
				LD_RUNPATH_SEARCH_PATHS = "$(inherited) @loader_path/../Frameworks @loader_path/Frameworks";
				MACOSX_DEPLOYMENT_TARGET = 10.10;
				OTHER_CFLAGS = "$(inherited)";
				OTHER_LDFLAGS = "$(inherited)";
				OTHER_SWIFT_FLAGS = "$(inherited)";
				SWIFT_ACTIVE_COMPILATION_CONDITIONS = "$(inherited)";
				SWIFT_VERSION = 5.0;
				TARGET_NAME = RsrcTests;
				TVOS_DEPLOYMENT_TARGET = 9.0;
				WATCHOS_DEPLOYMENT_TARGET = 2.0;
			};
			name = Release;
		};
/* End XCBuildConfiguration section */

/* Begin XCConfigurationList section */
		OBJ_2 /* Build configuration list for PBXProject "Rsrc" */ = {
			isa = XCConfigurationList;
			buildConfigurations = (
				OBJ_3 /* Debug */,
				OBJ_4 /* Release */,
			);
			defaultConfigurationIsVisible = 0;
			defaultConfigurationName = Release;
		};
		OBJ_44 /* Build configuration list for PBXNativeTarget "Rsrc" */ = {
			isa = XCConfigurationList;
			buildConfigurations = (
				OBJ_45 /* Debug */,
				OBJ_46 /* Release */,
			);
			defaultConfigurationIsVisible = 0;
			defaultConfigurationName = Release;
		};
		OBJ_66 /* Build configuration list for PBXNativeTarget "RsrcPackageDescription" */ = {
			isa = XCConfigurationList;
			buildConfigurations = (
				OBJ_67 /* Debug */,
				OBJ_68 /* Release */,
			);
			defaultConfigurationIsVisible = 0;
			defaultConfigurationName = Release;
		};
		OBJ_72 /* Build configuration list for PBXAggregateTarget "RsrcPackageTests" */ = {
			isa = XCConfigurationList;
			buildConfigurations = (
				OBJ_73 /* Debug */,
				OBJ_74 /* Release */,
			);
			defaultConfigurationIsVisible = 0;
			defaultConfigurationName = Release;
		};
		OBJ_77 /* Build configuration list for PBXNativeTarget "RsrcTests" */ = {
			isa = XCConfigurationList;
			buildConfigurations = (
				OBJ_78 /* Debug */,
				OBJ_79 /* Release */,
			);
			defaultConfigurationIsVisible = 0;
			defaultConfigurationName = Release;
		};
/* End XCConfigurationList section */
	};
	rootObject = OBJ_1 /* Project object */;
}
