// !$*UTF8*$!
{
	archiveVersion = 1;
	classes = {
	};
	objectVersion = 50;
	objects = {

/* Begin PBXBuildFile section */
		0D9E11852260A81300FE5ED6 /* Resourcable.swift in Sources */ = {isa = PBXBuildFile; fileRef = 0D9E11842260A81300FE5ED6 /* Resourcable.swift */; };
		0D9E11872260A90E00FE5ED6 /* SupportedResourceType.swift in Sources */ = {isa = PBXBuildFile; fileRef = 0D9E11862260A90E00FE5ED6 /* SupportedResourceType.swift */; };
		0D9E11892260A95700FE5ED6 /* UIImageSupportedResourceTypeExtensions.swift in Sources */ = {isa = PBXBuildFile; fileRef = 0D9E11882260A95700FE5ED6 /* UIImageSupportedResourceTypeExtensions.swift */; };
		0D9E118B2260A96F00FE5ED6 /* DataSupportedResourceTypeExtensions.swift in Sources */ = {isa = PBXBuildFile; fileRef = 0D9E118A2260A96F00FE5ED6 /* DataSupportedResourceTypeExtensions.swift */; };
		0D9E118E2260A9A000FE5ED6 /* ResourceUIImageExtensions.swift in Sources */ = {isa = PBXBuildFile; fileRef = 0D9E118D2260A9A000FE5ED6 /* ResourceUIImageExtensions.swift */; };
		0D9E11902260A9EE00FE5ED6 /* ResourceDataExtensions.swift in Sources */ = {isa = PBXBuildFile; fileRef = 0D9E118F2260A9EE00FE5ED6 /* ResourceDataExtensions.swift */; };
		0D9E11932260AA1000FE5ED6 /* ResourceCodableExtensions.swift in Sources */ = {isa = PBXBuildFile; fileRef = 0D9E11922260AA1000FE5ED6 /* ResourceCodableExtensions.swift */; };
		0D9E119C2260C25B00FE5ED6 /* SecCertificateRefSupportedResourceTypeExtensions.swift in Sources */ = {isa = PBXBuildFile; fileRef = 0D9E119B2260C25B00FE5ED6 /* SecCertificateRefSupportedResourceTypeExtensions.swift */; };
		0D9E119E2260C29C00FE5ED6 /* ResourceSecCertificateExtensions.swift in Sources */ = {isa = PBXBuildFile; fileRef = 0D9E119D2260C29C00FE5ED6 /* ResourceSecCertificateExtensions.swift */; };
		0D9E11A02260C46E00FE5ED6 /* StringSupportedResourceTypeExtensions.swift in Sources */ = {isa = PBXBuildFile; fileRef = 0D9E119F2260C46E00FE5ED6 /* StringSupportedResourceTypeExtensions.swift */; };
		0D9E11A22260C49000FE5ED6 /* ResourceStringExtensions.swift in Sources */ = {isa = PBXBuildFile; fileRef = 0D9E11A12260C49000FE5ED6 /* ResourceStringExtensions.swift */; };
		0D9E11A62260C6CD00FE5ED6 /* StringTestsResourceFile in Resources */ = {isa = PBXBuildFile; fileRef = 0D9E11A52260C6CD00FE5ED6 /* StringTestsResourceFile */; };
		0D9E11A82260C6E600FE5ED6 /* StringResourceTests.swift in Sources */ = {isa = PBXBuildFile; fileRef = 0D9E11A72260C6E600FE5ED6 /* StringResourceTests.swift */; };
		0D9E11AC2260C8A500FE5ED6 /* CodableTests.swift in Sources */ = {isa = PBXBuildFile; fileRef = 0D9E11AB2260C8A500FE5ED6 /* CodableTests.swift */; };
		0D9E11AF2260C96D00FE5ED6 /* UIImageTests.swift in Sources */ = {isa = PBXBuildFile; fileRef = 0D9E11AE2260C96D00FE5ED6 /* UIImageTests.swift */; };
		6B09B6DD22600B8500AD2424 /* index.png in Resources */ = {isa = PBXBuildFile; fileRef = 6BC5C08E225FDCD00055170F /* index.png */; };
		6B09B6E022600F3500AD2424 /* Person.json in Resources */ = {isa = PBXBuildFile; fileRef = 6B09B6DF22600F3500AD2424 /* Person.json */; };
		6B09B6E52261EE8000AD2424 /* StringExtensions.swift in Sources */ = {isa = PBXBuildFile; fileRef = 6B09B6E42261EE8000AD2424 /* StringExtensions.swift */; };
		6B34F2762263423B00640CF7 /* UINibSupportedResourceTypeExtensions.swift in Sources */ = {isa = PBXBuildFile; fileRef = 6B34F2752263423B00640CF7 /* UINibSupportedResourceTypeExtensions.swift */; };
		6B34F278226342BD00640CF7 /* ResourceUINibExtensions.swift in Sources */ = {isa = PBXBuildFile; fileRef = 6B34F277226342BD00640CF7 /* ResourceUINibExtensions.swift */; };
		6B34F27A226344ED00640CF7 /* NibLoadable.swift in Sources */ = {isa = PBXBuildFile; fileRef = 6B34F279226344ED00640CF7 /* NibLoadable.swift */; };
		6BC5C07B225FDC4E0055170F /* ResourceKit.framework in Frameworks */ = {isa = PBXBuildFile; fileRef = 6BC5C071225FDC4E0055170F /* ResourceKit.framework */; };
		6BC5C082225FDC4E0055170F /* ResourceKit.h in Headers */ = {isa = PBXBuildFile; fileRef = 6BC5C074225FDC4E0055170F /* ResourceKit.h */; settings = {ATTRIBUTES = (Public, ); }; };
		6BC5C08C225FDC5E0055170F /* Resource.swift in Sources */ = {isa = PBXBuildFile; fileRef = 6BC5C08B225FDC5E0055170F /* Resource.swift */; };
		6BE2566E2295FAEC0046B7DD /* AppDelegate.swift in Sources */ = {isa = PBXBuildFile; fileRef = 6BE2566D2295FAEC0046B7DD /* AppDelegate.swift */; };
		6BE256702295FAEC0046B7DD /* ViewController.swift in Sources */ = {isa = PBXBuildFile; fileRef = 6BE2566F2295FAEC0046B7DD /* ViewController.swift */; };
		6BE256732295FAEC0046B7DD /* Main.storyboard in Resources */ = {isa = PBXBuildFile; fileRef = 6BE256712295FAEC0046B7DD /* Main.storyboard */; };
		6BE256752295FAEF0046B7DD /* Assets.xcassets in Resources */ = {isa = PBXBuildFile; fileRef = 6BE256742295FAEF0046B7DD /* Assets.xcassets */; };
		6BE256782295FAEF0046B7DD /* LaunchScreen.storyboard in Resources */ = {isa = PBXBuildFile; fileRef = 6BE256762295FAEF0046B7DD /* LaunchScreen.storyboard */; };
		6BE256832295FAEF0046B7DD /* ResourceKitSampleAppTests.swift in Sources */ = {isa = PBXBuildFile; fileRef = 6BE256822295FAEF0046B7DD /* ResourceKitSampleAppTests.swift */; };
		6BE2568F2295FC430046B7DD /* party_list.json in Resources */ = {isa = PBXBuildFile; fileRef = 6BE2568E2295FC430046B7DD /* party_list.json */; };
		6BE256922295FCDA0046B7DD /* PartyList.swift in Sources */ = {isa = PBXBuildFile; fileRef = 6BE256912295FCDA0046B7DD /* PartyList.swift */; };
		6BE256942295FD370046B7DD /* PartyGuest.swift in Sources */ = {isa = PBXBuildFile; fileRef = 6BE256932295FD370046B7DD /* PartyGuest.swift */; };
/* End PBXBuildFile section */

/* Begin PBXContainerItemProxy section */
		6BC5C07C225FDC4E0055170F /* PBXContainerItemProxy */ = {
			isa = PBXContainerItemProxy;
			containerPortal = 6BC5C068225FDC4E0055170F /* Project object */;
			proxyType = 1;
			remoteGlobalIDString = 6BC5C070225FDC4E0055170F;
			remoteInfo = MKResource;
		};
		6BE2567F2295FAEF0046B7DD /* PBXContainerItemProxy */ = {
			isa = PBXContainerItemProxy;
			containerPortal = 6BC5C068225FDC4E0055170F /* Project object */;
			proxyType = 1;
			remoteGlobalIDString = 6BE2566A2295FAEC0046B7DD;
			remoteInfo = ResourceKitSampleApp;
		};
		6BE2568B2295FB1F0046B7DD /* PBXContainerItemProxy */ = {
			isa = PBXContainerItemProxy;
			containerPortal = 6BC5C068225FDC4E0055170F /* Project object */;
			proxyType = 1;
			remoteGlobalIDString = 6BC5C070225FDC4E0055170F;
			remoteInfo = ResourceKit;
		};
/* End PBXContainerItemProxy section */

/* Begin PBXFileReference section */
		0D9E11842260A81300FE5ED6 /* Resourcable.swift */ = {isa = PBXFileReference; lastKnownFileType = sourcecode.swift; path = Resourcable.swift; sourceTree = "<group>"; };
		0D9E11862260A90E00FE5ED6 /* SupportedResourceType.swift */ = {isa = PBXFileReference; lastKnownFileType = sourcecode.swift; path = SupportedResourceType.swift; sourceTree = "<group>"; };
		0D9E11882260A95700FE5ED6 /* UIImageSupportedResourceTypeExtensions.swift */ = {isa = PBXFileReference; lastKnownFileType = sourcecode.swift; path = UIImageSupportedResourceTypeExtensions.swift; sourceTree = "<group>"; };
		0D9E118A2260A96F00FE5ED6 /* DataSupportedResourceTypeExtensions.swift */ = {isa = PBXFileReference; lastKnownFileType = sourcecode.swift; path = DataSupportedResourceTypeExtensions.swift; sourceTree = "<group>"; };
		0D9E118D2260A9A000FE5ED6 /* ResourceUIImageExtensions.swift */ = {isa = PBXFileReference; lastKnownFileType = sourcecode.swift; path = ResourceUIImageExtensions.swift; sourceTree = "<group>"; };
		0D9E118F2260A9EE00FE5ED6 /* ResourceDataExtensions.swift */ = {isa = PBXFileReference; lastKnownFileType = sourcecode.swift; path = ResourceDataExtensions.swift; sourceTree = "<group>"; };
		0D9E11922260AA1000FE5ED6 /* ResourceCodableExtensions.swift */ = {isa = PBXFileReference; lastKnownFileType = sourcecode.swift; path = ResourceCodableExtensions.swift; sourceTree = "<group>"; };
		0D9E119B2260C25B00FE5ED6 /* SecCertificateRefSupportedResourceTypeExtensions.swift */ = {isa = PBXFileReference; lastKnownFileType = sourcecode.swift; path = SecCertificateRefSupportedResourceTypeExtensions.swift; sourceTree = "<group>"; };
		0D9E119D2260C29C00FE5ED6 /* ResourceSecCertificateExtensions.swift */ = {isa = PBXFileReference; lastKnownFileType = sourcecode.swift; path = ResourceSecCertificateExtensions.swift; sourceTree = "<group>"; };
		0D9E119F2260C46E00FE5ED6 /* StringSupportedResourceTypeExtensions.swift */ = {isa = PBXFileReference; lastKnownFileType = sourcecode.swift; path = StringSupportedResourceTypeExtensions.swift; sourceTree = "<group>"; };
		0D9E11A12260C49000FE5ED6 /* ResourceStringExtensions.swift */ = {isa = PBXFileReference; lastKnownFileType = sourcecode.swift; path = ResourceStringExtensions.swift; sourceTree = "<group>"; };
		0D9E11A52260C6CD00FE5ED6 /* StringTestsResourceFile */ = {isa = PBXFileReference; fileEncoding = 4; lastKnownFileType = text; path = StringTestsResourceFile; sourceTree = "<group>"; };
		0D9E11A72260C6E600FE5ED6 /* StringResourceTests.swift */ = {isa = PBXFileReference; lastKnownFileType = sourcecode.swift; path = StringResourceTests.swift; sourceTree = "<group>"; };
		0D9E11AB2260C8A500FE5ED6 /* CodableTests.swift */ = {isa = PBXFileReference; lastKnownFileType = sourcecode.swift; path = CodableTests.swift; sourceTree = "<group>"; };
		0D9E11AE2260C96D00FE5ED6 /* UIImageTests.swift */ = {isa = PBXFileReference; fileEncoding = 4; lastKnownFileType = sourcecode.swift; path = UIImageTests.swift; sourceTree = "<group>"; };
		6B09B6DF22600F3500AD2424 /* Person.json */ = {isa = PBXFileReference; fileEncoding = 4; lastKnownFileType = text.json; path = Person.json; sourceTree = "<group>"; };
		6B09B6E42261EE8000AD2424 /* StringExtensions.swift */ = {isa = PBXFileReference; lastKnownFileType = sourcecode.swift; path = StringExtensions.swift; sourceTree = "<group>"; };
		6B34F2752263423B00640CF7 /* UINibSupportedResourceTypeExtensions.swift */ = {isa = PBXFileReference; lastKnownFileType = sourcecode.swift; path = UINibSupportedResourceTypeExtensions.swift; sourceTree = "<group>"; };
		6B34F277226342BD00640CF7 /* ResourceUINibExtensions.swift */ = {isa = PBXFileReference; lastKnownFileType = sourcecode.swift; path = ResourceUINibExtensions.swift; sourceTree = "<group>"; };
		6B34F279226344ED00640CF7 /* NibLoadable.swift */ = {isa = PBXFileReference; lastKnownFileType = sourcecode.swift; path = NibLoadable.swift; sourceTree = "<group>"; };
		6BC5C071225FDC4E0055170F /* ResourceKit.framework */ = {isa = PBXFileReference; explicitFileType = wrapper.framework; includeInIndex = 0; path = ResourceKit.framework; sourceTree = BUILT_PRODUCTS_DIR; };
		6BC5C074225FDC4E0055170F /* ResourceKit.h */ = {isa = PBXFileReference; lastKnownFileType = sourcecode.c.h; path = ResourceKit.h; sourceTree = "<group>"; };
		6BC5C075225FDC4E0055170F /* Info.plist */ = {isa = PBXFileReference; lastKnownFileType = text.plist.xml; path = Info.plist; sourceTree = "<group>"; };
		6BC5C07A225FDC4E0055170F /* ResourceKitTests.xctest */ = {isa = PBXFileReference; explicitFileType = wrapper.cfbundle; includeInIndex = 0; path = ResourceKitTests.xctest; sourceTree = BUILT_PRODUCTS_DIR; };
		6BC5C081225FDC4E0055170F /* Info.plist */ = {isa = PBXFileReference; lastKnownFileType = text.plist.xml; path = Info.plist; sourceTree = "<group>"; };
		6BC5C08B225FDC5E0055170F /* Resource.swift */ = {isa = PBXFileReference; lastKnownFileType = sourcecode.swift; path = Resource.swift; sourceTree = "<group>"; };
		6BC5C08E225FDCD00055170F /* index.png */ = {isa = PBXFileReference; lastKnownFileType = image.png; path = index.png; sourceTree = "<group>"; };
		6BE2566B2295FAEC0046B7DD /* ResourceKitSampleApp.app */ = {isa = PBXFileReference; explicitFileType = wrapper.application; includeInIndex = 0; path = ResourceKitSampleApp.app; sourceTree = BUILT_PRODUCTS_DIR; };
		6BE2566D2295FAEC0046B7DD /* AppDelegate.swift */ = {isa = PBXFileReference; lastKnownFileType = sourcecode.swift; path = AppDelegate.swift; sourceTree = "<group>"; };
		6BE2566F2295FAEC0046B7DD /* ViewController.swift */ = {isa = PBXFileReference; lastKnownFileType = sourcecode.swift; path = ViewController.swift; sourceTree = "<group>"; };
		6BE256722295FAEC0046B7DD /* Base */ = {isa = PBXFileReference; lastKnownFileType = file.storyboard; name = Base; path = Base.lproj/Main.storyboard; sourceTree = "<group>"; };
		6BE256742295FAEF0046B7DD /* Assets.xcassets */ = {isa = PBXFileReference; lastKnownFileType = folder.assetcatalog; path = Assets.xcassets; sourceTree = "<group>"; };
		6BE256772295FAEF0046B7DD /* Base */ = {isa = PBXFileReference; lastKnownFileType = file.storyboard; name = Base; path = Base.lproj/LaunchScreen.storyboard; sourceTree = "<group>"; };
		6BE256792295FAEF0046B7DD /* Info.plist */ = {isa = PBXFileReference; lastKnownFileType = text.plist.xml; path = Info.plist; sourceTree = "<group>"; };
		6BE2567E2295FAEF0046B7DD /* ResourceKitSampleAppTests.xctest */ = {isa = PBXFileReference; explicitFileType = wrapper.cfbundle; includeInIndex = 0; path = ResourceKitSampleAppTests.xctest; sourceTree = BUILT_PRODUCTS_DIR; };
		6BE256822295FAEF0046B7DD /* ResourceKitSampleAppTests.swift */ = {isa = PBXFileReference; lastKnownFileType = sourcecode.swift; path = ResourceKitSampleAppTests.swift; sourceTree = "<group>"; };
		6BE256842295FAEF0046B7DD /* Info.plist */ = {isa = PBXFileReference; lastKnownFileType = text.plist.xml; path = Info.plist; sourceTree = "<group>"; };
		6BE2568E2295FC430046B7DD /* party_list.json */ = {isa = PBXFileReference; lastKnownFileType = text.json; path = party_list.json; sourceTree = "<group>"; };
		6BE256912295FCDA0046B7DD /* PartyList.swift */ = {isa = PBXFileReference; lastKnownFileType = sourcecode.swift; path = PartyList.swift; sourceTree = "<group>"; };
		6BE256932295FD370046B7DD /* PartyGuest.swift */ = {isa = PBXFileReference; lastKnownFileType = sourcecode.swift; path = PartyGuest.swift; sourceTree = "<group>"; };
/* End PBXFileReference section */

/* Begin PBXFrameworksBuildPhase section */
		6BC5C06E225FDC4E0055170F /* Frameworks */ = {
			isa = PBXFrameworksBuildPhase;
			buildActionMask = 2147483647;
			files = (
			);
			runOnlyForDeploymentPostprocessing = 0;
		};
		6BC5C077225FDC4E0055170F /* Frameworks */ = {
			isa = PBXFrameworksBuildPhase;
			buildActionMask = 2147483647;
			files = (
				6BC5C07B225FDC4E0055170F /* ResourceKit.framework in Frameworks */,
			);
			runOnlyForDeploymentPostprocessing = 0;
		};
		6BE256682295FAEC0046B7DD /* Frameworks */ = {
			isa = PBXFrameworksBuildPhase;
			buildActionMask = 2147483647;
			files = (
			);
			runOnlyForDeploymentPostprocessing = 0;
		};
		6BE2567B2295FAEF0046B7DD /* Frameworks */ = {
			isa = PBXFrameworksBuildPhase;
			buildActionMask = 2147483647;
			files = (
			);
			runOnlyForDeploymentPostprocessing = 0;
		};
/* End PBXFrameworksBuildPhase section */

/* Begin PBXGroup section */
		0D9E118C2260A97500FE5ED6 /* NativeTypeExtensions */ = {
			isa = PBXGroup;
			children = (
				0D9E11882260A95700FE5ED6 /* UIImageSupportedResourceTypeExtensions.swift */,
				0D9E118A2260A96F00FE5ED6 /* DataSupportedResourceTypeExtensions.swift */,
				0D9E119B2260C25B00FE5ED6 /* SecCertificateRefSupportedResourceTypeExtensions.swift */,
				0D9E119F2260C46E00FE5ED6 /* StringSupportedResourceTypeExtensions.swift */,
				6B34F2752263423B00640CF7 /* UINibSupportedResourceTypeExtensions.swift */,
			);
			path = NativeTypeExtensions;
			sourceTree = "<group>";
		};
		0D9E11912260A9F800FE5ED6 /* ResourceExtensions */ = {
			isa = PBXGroup;
			children = (
				0D9E118D2260A9A000FE5ED6 /* ResourceUIImageExtensions.swift */,
				0D9E118F2260A9EE00FE5ED6 /* ResourceDataExtensions.swift */,
				0D9E11922260AA1000FE5ED6 /* ResourceCodableExtensions.swift */,
				0D9E119D2260C29C00FE5ED6 /* ResourceSecCertificateExtensions.swift */,
				0D9E11A12260C49000FE5ED6 /* ResourceStringExtensions.swift */,
				6B34F277226342BD00640CF7 /* ResourceUINibExtensions.swift */,
			);
			path = ResourceExtensions;
			sourceTree = "<group>";
		};
		0D9E11A32260C5FF00FE5ED6 /* StringTests */ = {
			isa = PBXGroup;
			children = (
				0D9E11A42260C61700FE5ED6 /* Resources */,
				0D9E11A72260C6E600FE5ED6 /* StringResourceTests.swift */,
			);
			path = StringTests;
			sourceTree = "<group>";
		};
		0D9E11A42260C61700FE5ED6 /* Resources */ = {
			isa = PBXGroup;
			children = (
				0D9E11A52260C6CD00FE5ED6 /* StringTestsResourceFile */,
			);
			path = Resources;
			sourceTree = "<group>";
		};
		0D9E11A92260C87D00FE5ED6 /* CodableTests */ = {
			isa = PBXGroup;
			children = (
				0D9E11AA2260C88B00FE5ED6 /* Resources */,
				0D9E11AB2260C8A500FE5ED6 /* CodableTests.swift */,
			);
			path = CodableTests;
			sourceTree = "<group>";
		};
		0D9E11AA2260C88B00FE5ED6 /* Resources */ = {
			isa = PBXGroup;
			children = (
				6B09B6DF22600F3500AD2424 /* Person.json */,
			);
			path = Resources;
			sourceTree = "<group>";
		};
		0D9E11AD2260C92900FE5ED6 /* Resources */ = {
			isa = PBXGroup;
			children = (
				6BC5C08E225FDCD00055170F /* index.png */,
			);
			path = Resources;
			sourceTree = "<group>";
		};
		6B09B6DE22600EE900AD2424 /* UIImageTests */ = {
			isa = PBXGroup;
			children = (
				0D9E11AD2260C92900FE5ED6 /* Resources */,
				0D9E11AE2260C96D00FE5ED6 /* UIImageTests.swift */,
			);
			path = UIImageTests;
			sourceTree = "<group>";
		};
		6B09B6E32261EE7100AD2424 /* Common */ = {
			isa = PBXGroup;
			children = (
				6B09B6E42261EE8000AD2424 /* StringExtensions.swift */,
				6B34F279226344ED00640CF7 /* NibLoadable.swift */,
			);
			path = Common;
			sourceTree = "<group>";
		};
		6BC5C067225FDC4E0055170F = {
			isa = PBXGroup;
			children = (
				6BC5C073225FDC4E0055170F /* ResourceKit */,
				6BC5C07E225FDC4E0055170F /* ResourceKitTests */,
				6BE2566C2295FAEC0046B7DD /* ResourceKitSampleApp */,
				6BE256812295FAEF0046B7DD /* ResourceKitSampleAppTests */,
				6BC5C072225FDC4E0055170F /* Products */,
			);
			sourceTree = "<group>";
		};
		6BC5C072225FDC4E0055170F /* Products */ = {
			isa = PBXGroup;
			children = (
				6BC5C071225FDC4E0055170F /* ResourceKit.framework */,
				6BC5C07A225FDC4E0055170F /* ResourceKitTests.xctest */,
				6BE2566B2295FAEC0046B7DD /* ResourceKitSampleApp.app */,
				6BE2567E2295FAEF0046B7DD /* ResourceKitSampleAppTests.xctest */,
			);
			name = Products;
			sourceTree = "<group>";
		};
		6BC5C073225FDC4E0055170F /* ResourceKit */ = {
			isa = PBXGroup;
			children = (
				6B09B6E32261EE7100AD2424 /* Common */,
				0D9E11912260A9F800FE5ED6 /* ResourceExtensions */,
				0D9E118C2260A97500FE5ED6 /* NativeTypeExtensions */,
				6BC5C074225FDC4E0055170F /* ResourceKit.h */,
				6BC5C075225FDC4E0055170F /* Info.plist */,
				6BC5C08B225FDC5E0055170F /* Resource.swift */,
				0D9E11842260A81300FE5ED6 /* Resourcable.swift */,
				0D9E11862260A90E00FE5ED6 /* SupportedResourceType.swift */,
			);
			path = ResourceKit;
			sourceTree = "<group>";
		};
		6BC5C07E225FDC4E0055170F /* ResourceKitTests */ = {
			isa = PBXGroup;
			children = (
				0D9E11A92260C87D00FE5ED6 /* CodableTests */,
				0D9E11A32260C5FF00FE5ED6 /* StringTests */,
				6B09B6DE22600EE900AD2424 /* UIImageTests */,
				6BC5C081225FDC4E0055170F /* Info.plist */,
			);
			path = ResourceKitTests;
			sourceTree = "<group>";
		};
		6BE2566C2295FAEC0046B7DD /* ResourceKitSampleApp */ = {
			isa = PBXGroup;
			children = (
				6BE256902295FCC70046B7DD /* Party */,
				6BE2568D2295FC240046B7DD /* Resources */,
				6BE2566D2295FAEC0046B7DD /* AppDelegate.swift */,
				6BE2566F2295FAEC0046B7DD /* ViewController.swift */,
				6BE256712295FAEC0046B7DD /* Main.storyboard */,
				6BE256742295FAEF0046B7DD /* Assets.xcassets */,
				6BE256762295FAEF0046B7DD /* LaunchScreen.storyboard */,
				6BE256792295FAEF0046B7DD /* Info.plist */,
			);
			path = ResourceKitSampleApp;
			sourceTree = "<group>";
		};
		6BE256812295FAEF0046B7DD /* ResourceKitSampleAppTests */ = {
			isa = PBXGroup;
			children = (
				6BE256822295FAEF0046B7DD /* ResourceKitSampleAppTests.swift */,
				6BE256842295FAEF0046B7DD /* Info.plist */,
			);
			path = ResourceKitSampleAppTests;
			sourceTree = "<group>";
		};
		6BE2568D2295FC240046B7DD /* Resources */ = {
			isa = PBXGroup;
			children = (
				6BE2568E2295FC430046B7DD /* party_list.json */,
			);
			path = Resources;
			sourceTree = "<group>";
		};
		6BE256902295FCC70046B7DD /* Party */ = {
			isa = PBXGroup;
			children = (
				6BE256932295FD370046B7DD /* PartyGuest.swift */,
				6BE256912295FCDA0046B7DD /* PartyList.swift */,
			);
			path = Party;
			sourceTree = "<group>";
		};
/* End PBXGroup section */

/* Begin PBXHeadersBuildPhase section */
		6BC5C06C225FDC4E0055170F /* Headers */ = {
			isa = PBXHeadersBuildPhase;
			buildActionMask = 2147483647;
			files = (
				6BC5C082225FDC4E0055170F /* ResourceKit.h in Headers */,
			);
			runOnlyForDeploymentPostprocessing = 0;
		};
/* End PBXHeadersBuildPhase section */

/* Begin PBXNativeTarget section */
		6BC5C070225FDC4E0055170F /* ResourceKit */ = {
			isa = PBXNativeTarget;
			buildConfigurationList = 6BC5C085225FDC4E0055170F /* Build configuration list for PBXNativeTarget "ResourceKit" */;
			buildPhases = (
				6BC5C06C225FDC4E0055170F /* Headers */,
				6BC5C06D225FDC4E0055170F /* Sources */,
				6BC5C06E225FDC4E0055170F /* Frameworks */,
				6BC5C06F225FDC4E0055170F /* Resources */,
				0D9E11B02260CE4800FE5ED6 /* SwiftLint */,
			);
			buildRules = (
			);
			dependencies = (
			);
			name = ResourceKit;
			productName = MKResource;
			productReference = 6BC5C071225FDC4E0055170F /* ResourceKit.framework */;
			productType = "com.apple.product-type.framework";
		};
		6BC5C079225FDC4E0055170F /* ResourceKitTests */ = {
			isa = PBXNativeTarget;
			buildConfigurationList = 6BC5C088225FDC4E0055170F /* Build configuration list for PBXNativeTarget "ResourceKitTests" */;
			buildPhases = (
				6BC5C076225FDC4E0055170F /* Sources */,
				6BC5C077225FDC4E0055170F /* Frameworks */,
				6BC5C078225FDC4E0055170F /* Resources */,
			);
			buildRules = (
			);
			dependencies = (
				6BC5C07D225FDC4E0055170F /* PBXTargetDependency */,
			);
			name = ResourceKitTests;
			productName = MKResourceTests;
			productReference = 6BC5C07A225FDC4E0055170F /* ResourceKitTests.xctest */;
			productType = "com.apple.product-type.bundle.unit-test";
		};
		6BE2566A2295FAEC0046B7DD /* ResourceKitSampleApp */ = {
			isa = PBXNativeTarget;
			buildConfigurationList = 6BE256892295FAEF0046B7DD /* Build configuration list for PBXNativeTarget "ResourceKitSampleApp" */;
			buildPhases = (
				6BE256672295FAEC0046B7DD /* Sources */,
				6BE256682295FAEC0046B7DD /* Frameworks */,
				6BE256692295FAEC0046B7DD /* Resources */,
			);
			buildRules = (
			);
			dependencies = (
				6BE2568C2295FB1F0046B7DD /* PBXTargetDependency */,
			);
			name = ResourceKitSampleApp;
			productName = ResourceKitSampleApp;
			productReference = 6BE2566B2295FAEC0046B7DD /* ResourceKitSampleApp.app */;
			productType = "com.apple.product-type.application";
		};
		6BE2567D2295FAEF0046B7DD /* ResourceKitSampleAppTests */ = {
			isa = PBXNativeTarget;
			buildConfigurationList = 6BE2568A2295FAEF0046B7DD /* Build configuration list for PBXNativeTarget "ResourceKitSampleAppTests" */;
			buildPhases = (
				6BE2567A2295FAEF0046B7DD /* Sources */,
				6BE2567B2295FAEF0046B7DD /* Frameworks */,
				6BE2567C2295FAEF0046B7DD /* Resources */,
			);
			buildRules = (
			);
			dependencies = (
				6BE256802295FAEF0046B7DD /* PBXTargetDependency */,
			);
			name = ResourceKitSampleAppTests;
			productName = ResourceKitSampleAppTests;
			productReference = 6BE2567E2295FAEF0046B7DD /* ResourceKitSampleAppTests.xctest */;
			productType = "com.apple.product-type.bundle.unit-test";
		};
/* End PBXNativeTarget section */

/* Begin PBXProject section */
		6BC5C068225FDC4E0055170F /* Project object */ = {
			isa = PBXProject;
			attributes = {
				LastSwiftUpdateCheck = 1020;
				LastUpgradeCheck = 1020;
				ORGANIZATIONNAME = "Marios Kotsiandris";
				TargetAttributes = {
					6BC5C070225FDC4E0055170F = {
						CreatedOnToolsVersion = 10.2;
						LastSwiftMigration = 1020;
					};
					6BC5C079225FDC4E0055170F = {
						CreatedOnToolsVersion = 10.2;
						LastSwiftMigration = 1020;
					};
					6BE2566A2295FAEC0046B7DD = {
						CreatedOnToolsVersion = 10.2.1;
					};
					6BE2567D2295FAEF0046B7DD = {
						CreatedOnToolsVersion = 10.2.1;
						TestTargetID = 6BE2566A2295FAEC0046B7DD;
					};
				};
			};
			buildConfigurationList = 6BC5C06B225FDC4E0055170F /* Build configuration list for PBXProject "ResourceKit" */;
			compatibilityVersion = "Xcode 9.3";
			developmentRegion = en;
			hasScannedForEncodings = 0;
			knownRegions = (
				en,
				Base,
			);
			mainGroup = 6BC5C067225FDC4E0055170F;
			productRefGroup = 6BC5C072225FDC4E0055170F /* Products */;
			projectDirPath = "";
			projectRoot = "";
			targets = (
				6BC5C070225FDC4E0055170F /* ResourceKit */,
				6BC5C079225FDC4E0055170F /* ResourceKitTests */,
				6BE2566A2295FAEC0046B7DD /* ResourceKitSampleApp */,
				6BE2567D2295FAEF0046B7DD /* ResourceKitSampleAppTests */,
			);
		};
/* End PBXProject section */

/* Begin PBXResourcesBuildPhase section */
		6BC5C06F225FDC4E0055170F /* Resources */ = {
			isa = PBXResourcesBuildPhase;
			buildActionMask = 2147483647;
			files = (
			);
			runOnlyForDeploymentPostprocessing = 0;
		};
		6BC5C078225FDC4E0055170F /* Resources */ = {
			isa = PBXResourcesBuildPhase;
			buildActionMask = 2147483647;
			files = (
				0D9E11A62260C6CD00FE5ED6 /* StringTestsResourceFile in Resources */,
				6B09B6E022600F3500AD2424 /* Person.json in Resources */,
				6B09B6DD22600B8500AD2424 /* index.png in Resources */,
			);
			runOnlyForDeploymentPostprocessing = 0;
		};
		6BE256692295FAEC0046B7DD /* Resources */ = {
			isa = PBXResourcesBuildPhase;
			buildActionMask = 2147483647;
			files = (
				6BE2568F2295FC430046B7DD /* party_list.json in Resources */,
				6BE256782295FAEF0046B7DD /* LaunchScreen.storyboard in Resources */,
				6BE256752295FAEF0046B7DD /* Assets.xcassets in Resources */,
				6BE256732295FAEC0046B7DD /* Main.storyboard in Resources */,
			);
			runOnlyForDeploymentPostprocessing = 0;
		};
		6BE2567C2295FAEF0046B7DD /* Resources */ = {
			isa = PBXResourcesBuildPhase;
			buildActionMask = 2147483647;
			files = (
			);
			runOnlyForDeploymentPostprocessing = 0;
		};
/* End PBXResourcesBuildPhase section */

/* Begin PBXShellScriptBuildPhase section */
		0D9E11B02260CE4800FE5ED6 /* SwiftLint */ = {
			isa = PBXShellScriptBuildPhase;
			buildActionMask = 2147483647;
			files = (
			);
			inputFileListPaths = (
			);
			inputPaths = (
			);
			name = SwiftLint;
			outputFileListPaths = (
			);
			outputPaths = (
			);
			runOnlyForDeploymentPostprocessing = 0;
			shellPath = /bin/sh;
			shellScript = "# Type a script or drag a script file from your workspace to insert its path.\nif which swiftlint >/dev/null; then\nswiftlint\nelse\necho \"warning: SwiftLint not installed, download from https://github.com/realm/SwiftLint\"\nfi\n";
		};
/* End PBXShellScriptBuildPhase section */

/* Begin PBXSourcesBuildPhase section */
		6BC5C06D225FDC4E0055170F /* Sources */ = {
			isa = PBXSourcesBuildPhase;
			buildActionMask = 2147483647;
			files = (
				0D9E119C2260C25B00FE5ED6 /* SecCertificateRefSupportedResourceTypeExtensions.swift in Sources */,
				0D9E11892260A95700FE5ED6 /* UIImageSupportedResourceTypeExtensions.swift in Sources */,
				0D9E118B2260A96F00FE5ED6 /* DataSupportedResourceTypeExtensions.swift in Sources */,
				0D9E11A02260C46E00FE5ED6 /* StringSupportedResourceTypeExtensions.swift in Sources */,
				0D9E11A22260C49000FE5ED6 /* ResourceStringExtensions.swift in Sources */,
				0D9E119E2260C29C00FE5ED6 /* ResourceSecCertificateExtensions.swift in Sources */,
				6B34F2762263423B00640CF7 /* UINibSupportedResourceTypeExtensions.swift in Sources */,
				6BC5C08C225FDC5E0055170F /* Resource.swift in Sources */,
				0D9E11852260A81300FE5ED6 /* Resourcable.swift in Sources */,
				6B34F27A226344ED00640CF7 /* NibLoadable.swift in Sources */,
				0D9E11932260AA1000FE5ED6 /* ResourceCodableExtensions.swift in Sources */,
				0D9E11872260A90E00FE5ED6 /* SupportedResourceType.swift in Sources */,
				6B34F278226342BD00640CF7 /* ResourceUINibExtensions.swift in Sources */,
				6B09B6E52261EE8000AD2424 /* StringExtensions.swift in Sources */,
				0D9E118E2260A9A000FE5ED6 /* ResourceUIImageExtensions.swift in Sources */,
				0D9E11902260A9EE00FE5ED6 /* ResourceDataExtensions.swift in Sources */,
			);
			runOnlyForDeploymentPostprocessing = 0;
		};
		6BC5C076225FDC4E0055170F /* Sources */ = {
			isa = PBXSourcesBuildPhase;
			buildActionMask = 2147483647;
			files = (
				0D9E11A82260C6E600FE5ED6 /* StringResourceTests.swift in Sources */,
				0D9E11AC2260C8A500FE5ED6 /* CodableTests.swift in Sources */,
				0D9E11AF2260C96D00FE5ED6 /* UIImageTests.swift in Sources */,
			);
			runOnlyForDeploymentPostprocessing = 0;
		};
		6BE256672295FAEC0046B7DD /* Sources */ = {
			isa = PBXSourcesBuildPhase;
			buildActionMask = 2147483647;
			files = (
				6BE256922295FCDA0046B7DD /* PartyList.swift in Sources */,
				6BE256702295FAEC0046B7DD /* ViewController.swift in Sources */,
				6BE256942295FD370046B7DD /* PartyGuest.swift in Sources */,
				6BE2566E2295FAEC0046B7DD /* AppDelegate.swift in Sources */,
			);
			runOnlyForDeploymentPostprocessing = 0;
		};
		6BE2567A2295FAEF0046B7DD /* Sources */ = {
			isa = PBXSourcesBuildPhase;
			buildActionMask = 2147483647;
			files = (
				6BE256832295FAEF0046B7DD /* ResourceKitSampleAppTests.swift in Sources */,
			);
			runOnlyForDeploymentPostprocessing = 0;
		};
/* End PBXSourcesBuildPhase section */

/* Begin PBXTargetDependency section */
		6BC5C07D225FDC4E0055170F /* PBXTargetDependency */ = {
			isa = PBXTargetDependency;
			target = 6BC5C070225FDC4E0055170F /* ResourceKit */;
			targetProxy = 6BC5C07C225FDC4E0055170F /* PBXContainerItemProxy */;
		};
		6BE256802295FAEF0046B7DD /* PBXTargetDependency */ = {
			isa = PBXTargetDependency;
			target = 6BE2566A2295FAEC0046B7DD /* ResourceKitSampleApp */;
			targetProxy = 6BE2567F2295FAEF0046B7DD /* PBXContainerItemProxy */;
		};
		6BE2568C2295FB1F0046B7DD /* PBXTargetDependency */ = {
			isa = PBXTargetDependency;
			target = 6BC5C070225FDC4E0055170F /* ResourceKit */;
			targetProxy = 6BE2568B2295FB1F0046B7DD /* PBXContainerItemProxy */;
		};
/* End PBXTargetDependency section */

/* Begin PBXVariantGroup section */
		6BE256712295FAEC0046B7DD /* Main.storyboard */ = {
			isa = PBXVariantGroup;
			children = (
				6BE256722295FAEC0046B7DD /* Base */,
			);
			name = Main.storyboard;
			sourceTree = "<group>";
		};
		6BE256762295FAEF0046B7DD /* LaunchScreen.storyboard */ = {
			isa = PBXVariantGroup;
			children = (
				6BE256772295FAEF0046B7DD /* Base */,
			);
			name = LaunchScreen.storyboard;
			sourceTree = "<group>";
		};
/* End PBXVariantGroup section */

/* Begin XCBuildConfiguration section */
		6BC5C083225FDC4E0055170F /* Debug */ = {
			isa = XCBuildConfiguration;
			buildSettings = {
				ALWAYS_SEARCH_USER_PATHS = NO;
				CLANG_ANALYZER_NONNULL = YES;
				CLANG_ANALYZER_NUMBER_OBJECT_CONVERSION = YES_AGGRESSIVE;
				CLANG_CXX_LANGUAGE_STANDARD = "gnu++14";
				CLANG_CXX_LIBRARY = "libc++";
				CLANG_ENABLE_MODULES = YES;
				CLANG_ENABLE_OBJC_ARC = YES;
				CLANG_ENABLE_OBJC_WEAK = YES;
				CLANG_WARN_BLOCK_CAPTURE_AUTORELEASING = YES;
				CLANG_WARN_BOOL_CONVERSION = YES;
				CLANG_WARN_COMMA = YES;
				CLANG_WARN_CONSTANT_CONVERSION = YES;
				CLANG_WARN_DEPRECATED_OBJC_IMPLEMENTATIONS = YES;
				CLANG_WARN_DIRECT_OBJC_ISA_USAGE = YES_ERROR;
				CLANG_WARN_DOCUMENTATION_COMMENTS = YES;
				CLANG_WARN_EMPTY_BODY = YES;
				CLANG_WARN_ENUM_CONVERSION = YES;
				CLANG_WARN_INFINITE_RECURSION = YES;
				CLANG_WARN_INT_CONVERSION = YES;
				CLANG_WARN_NON_LITERAL_NULL_CONVERSION = YES;
				CLANG_WARN_OBJC_IMPLICIT_RETAIN_SELF = YES;
				CLANG_WARN_OBJC_LITERAL_CONVERSION = YES;
				CLANG_WARN_OBJC_ROOT_CLASS = YES_ERROR;
				CLANG_WARN_RANGE_LOOP_ANALYSIS = YES;
				CLANG_WARN_STRICT_PROTOTYPES = YES;
				CLANG_WARN_SUSPICIOUS_MOVE = YES;
				CLANG_WARN_UNGUARDED_AVAILABILITY = YES_AGGRESSIVE;
				CLANG_WARN_UNREACHABLE_CODE = YES;
				CLANG_WARN__DUPLICATE_METHOD_MATCH = YES;
				CODE_SIGN_IDENTITY = "iPhone Developer";
				COPY_PHASE_STRIP = NO;
				CURRENT_PROJECT_VERSION = 1;
				DEBUG_INFORMATION_FORMAT = dwarf;
				ENABLE_STRICT_OBJC_MSGSEND = YES;
				ENABLE_TESTABILITY = YES;
				GCC_C_LANGUAGE_STANDARD = gnu11;
				GCC_DYNAMIC_NO_PIC = NO;
				GCC_NO_COMMON_BLOCKS = YES;
				GCC_OPTIMIZATION_LEVEL = 0;
				GCC_PREPROCESSOR_DEFINITIONS = (
					"DEBUG=1",
					"$(inherited)",
				);
				GCC_WARN_64_TO_32_BIT_CONVERSION = YES;
				GCC_WARN_ABOUT_RETURN_TYPE = YES_ERROR;
				GCC_WARN_UNDECLARED_SELECTOR = YES;
				GCC_WARN_UNINITIALIZED_AUTOS = YES_AGGRESSIVE;
				GCC_WARN_UNUSED_FUNCTION = YES;
				GCC_WARN_UNUSED_VARIABLE = YES;
				IPHONEOS_DEPLOYMENT_TARGET = 11;
				MTL_ENABLE_DEBUG_INFO = INCLUDE_SOURCE;
				MTL_FAST_MATH = YES;
				ONLY_ACTIVE_ARCH = YES;
				SDKROOT = iphoneos;
				SWIFT_ACTIVE_COMPILATION_CONDITIONS = DEBUG;
				SWIFT_OPTIMIZATION_LEVEL = "-Onone";
				SWIFT_VERSION = 4.2;
				VERSIONING_SYSTEM = "apple-generic";
				VERSION_INFO_PREFIX = "";
			};
			name = Debug;
		};
		6BC5C084225FDC4E0055170F /* Release */ = {
			isa = XCBuildConfiguration;
			buildSettings = {
				ALWAYS_SEARCH_USER_PATHS = NO;
				CLANG_ANALYZER_NONNULL = YES;
				CLANG_ANALYZER_NUMBER_OBJECT_CONVERSION = YES_AGGRESSIVE;
				CLANG_CXX_LANGUAGE_STANDARD = "gnu++14";
				CLANG_CXX_LIBRARY = "libc++";
				CLANG_ENABLE_MODULES = YES;
				CLANG_ENABLE_OBJC_ARC = YES;
				CLANG_ENABLE_OBJC_WEAK = YES;
				CLANG_WARN_BLOCK_CAPTURE_AUTORELEASING = YES;
				CLANG_WARN_BOOL_CONVERSION = YES;
				CLANG_WARN_COMMA = YES;
				CLANG_WARN_CONSTANT_CONVERSION = YES;
				CLANG_WARN_DEPRECATED_OBJC_IMPLEMENTATIONS = YES;
				CLANG_WARN_DIRECT_OBJC_ISA_USAGE = YES_ERROR;
				CLANG_WARN_DOCUMENTATION_COMMENTS = YES;
				CLANG_WARN_EMPTY_BODY = YES;
				CLANG_WARN_ENUM_CONVERSION = YES;
				CLANG_WARN_INFINITE_RECURSION = YES;
				CLANG_WARN_INT_CONVERSION = YES;
				CLANG_WARN_NON_LITERAL_NULL_CONVERSION = YES;
				CLANG_WARN_OBJC_IMPLICIT_RETAIN_SELF = YES;
				CLANG_WARN_OBJC_LITERAL_CONVERSION = YES;
				CLANG_WARN_OBJC_ROOT_CLASS = YES_ERROR;
				CLANG_WARN_RANGE_LOOP_ANALYSIS = YES;
				CLANG_WARN_STRICT_PROTOTYPES = YES;
				CLANG_WARN_SUSPICIOUS_MOVE = YES;
				CLANG_WARN_UNGUARDED_AVAILABILITY = YES_AGGRESSIVE;
				CLANG_WARN_UNREACHABLE_CODE = YES;
				CLANG_WARN__DUPLICATE_METHOD_MATCH = YES;
				CODE_SIGN_IDENTITY = "iPhone Developer";
				COPY_PHASE_STRIP = NO;
				CURRENT_PROJECT_VERSION = 1;
				DEBUG_INFORMATION_FORMAT = "dwarf-with-dsym";
				ENABLE_NS_ASSERTIONS = NO;
				ENABLE_STRICT_OBJC_MSGSEND = YES;
				GCC_C_LANGUAGE_STANDARD = gnu11;
				GCC_NO_COMMON_BLOCKS = YES;
				GCC_WARN_64_TO_32_BIT_CONVERSION = YES;
				GCC_WARN_ABOUT_RETURN_TYPE = YES_ERROR;
				GCC_WARN_UNDECLARED_SELECTOR = YES;
				GCC_WARN_UNINITIALIZED_AUTOS = YES_AGGRESSIVE;
				GCC_WARN_UNUSED_FUNCTION = YES;
				GCC_WARN_UNUSED_VARIABLE = YES;
				IPHONEOS_DEPLOYMENT_TARGET = 11;
				MTL_ENABLE_DEBUG_INFO = NO;
				MTL_FAST_MATH = YES;
				SDKROOT = iphoneos;
				SWIFT_COMPILATION_MODE = wholemodule;
				SWIFT_OPTIMIZATION_LEVEL = "-O";
				SWIFT_VERSION = 4.2;
				VALIDATE_PRODUCT = YES;
				VERSIONING_SYSTEM = "apple-generic";
				VERSION_INFO_PREFIX = "";
			};
			name = Release;
		};
		6BC5C086225FDC4E0055170F /* Debug */ = {
			isa = XCBuildConfiguration;
			buildSettings = {
				CLANG_ENABLE_MODULES = YES;
				CODE_SIGN_IDENTITY = "";
				CODE_SIGN_STYLE = Automatic;
				DEFINES_MODULE = YES;
				DYLIB_COMPATIBILITY_VERSION = 1;
				DYLIB_CURRENT_VERSION = 1;
				DYLIB_INSTALL_NAME_BASE = "@rpath";
				INFOPLIST_FILE = ResourceKit/Info.plist;
				INSTALL_PATH = "$(LOCAL_LIBRARY_DIR)/Frameworks";
				LD_RUNPATH_SEARCH_PATHS = (
					"$(inherited)",
					"@executable_path/Frameworks",
					"@loader_path/Frameworks",
				);
				PRODUCT_BUNDLE_IDENTIFIER = mk.ResourceKit;
				PRODUCT_NAME = "$(TARGET_NAME:c99extidentifier)";
				SKIP_INSTALL = YES;
				SWIFT_OPTIMIZATION_LEVEL = "-Onone";
				SWIFT_VERSION = 5.0;
				TARGETED_DEVICE_FAMILY = "1,2";
			};
			name = Debug;
		};
		6BC5C087225FDC4E0055170F /* Release */ = {
			isa = XCBuildConfiguration;
			buildSettings = {
				CLANG_ENABLE_MODULES = YES;
				CODE_SIGN_IDENTITY = "";
				CODE_SIGN_STYLE = Automatic;
				DEFINES_MODULE = YES;
				DYLIB_COMPATIBILITY_VERSION = 1;
				DYLIB_CURRENT_VERSION = 1;
				DYLIB_INSTALL_NAME_BASE = "@rpath";
				INFOPLIST_FILE = ResourceKit/Info.plist;
				INSTALL_PATH = "$(LOCAL_LIBRARY_DIR)/Frameworks";
				LD_RUNPATH_SEARCH_PATHS = (
					"$(inherited)",
					"@executable_path/Frameworks",
					"@loader_path/Frameworks",
				);
				PRODUCT_BUNDLE_IDENTIFIER = mk.ResourceKit;
				PRODUCT_NAME = "$(TARGET_NAME:c99extidentifier)";
				SKIP_INSTALL = YES;
				SWIFT_VERSION = 5.0;
				TARGETED_DEVICE_FAMILY = "1,2";
			};
			name = Release;
		};
		6BC5C089225FDC4E0055170F /* Debug */ = {
			isa = XCBuildConfiguration;
			buildSettings = {
				ALWAYS_EMBED_SWIFT_STANDARD_LIBRARIES = YES;
				CODE_SIGN_STYLE = Automatic;
				INFOPLIST_FILE = ResourceKitTests/Info.plist;
				IPHONEOS_DEPLOYMENT_TARGET = 11.0;
				LD_RUNPATH_SEARCH_PATHS = (
					"$(inherited)",
					"@executable_path/Frameworks",
					"@loader_path/Frameworks",
				);
				PRODUCT_BUNDLE_IDENTIFIER = mk.ResourceKitTests;
				PRODUCT_NAME = "$(TARGET_NAME)";
				SWIFT_VERSION = 5.0;
				TARGETED_DEVICE_FAMILY = "1,2";
			};
			name = Debug;
		};
		6BC5C08A225FDC4E0055170F /* Release */ = {
			isa = XCBuildConfiguration;
			buildSettings = {
				ALWAYS_EMBED_SWIFT_STANDARD_LIBRARIES = YES;
				CODE_SIGN_STYLE = Automatic;
				INFOPLIST_FILE = ResourceKitTests/Info.plist;
				IPHONEOS_DEPLOYMENT_TARGET = 11.0;
				LD_RUNPATH_SEARCH_PATHS = (
					"$(inherited)",
					"@executable_path/Frameworks",
					"@loader_path/Frameworks",
				);
				PRODUCT_BUNDLE_IDENTIFIER = mk.ResourceKitTests;
				PRODUCT_NAME = "$(TARGET_NAME)";
				SWIFT_VERSION = 5.0;
				TARGETED_DEVICE_FAMILY = "1,2";
			};
			name = Release;
		};
		6BE256852295FAEF0046B7DD /* Debug */ = {
			isa = XCBuildConfiguration;
			buildSettings = {
				ASSETCATALOG_COMPILER_APPICON_NAME = AppIcon;
				CODE_SIGN_STYLE = Automatic;
				INFOPLIST_FILE = ResourceKitSampleApp/Info.plist;
				IPHONEOS_DEPLOYMENT_TARGET = 12.2;
				LD_RUNPATH_SEARCH_PATHS = (
					"$(inherited)",
					"@executable_path/Frameworks",
				);
				PRODUCT_BUNDLE_IDENTIFIER = mk.ResourceKitSampleApp;
				PRODUCT_NAME = "$(TARGET_NAME)";
				SWIFT_VERSION = 5.0;
				TARGETED_DEVICE_FAMILY = "1,2";
			};
			name = Debug;
		};
		6BE256862295FAEF0046B7DD /* Release */ = {
			isa = XCBuildConfiguration;
			buildSettings = {
				ASSETCATALOG_COMPILER_APPICON_NAME = AppIcon;
				CODE_SIGN_STYLE = Automatic;
				INFOPLIST_FILE = ResourceKitSampleApp/Info.plist;
				IPHONEOS_DEPLOYMENT_TARGET = 12.2;
				LD_RUNPATH_SEARCH_PATHS = (
					"$(inherited)",
					"@executable_path/Frameworks",
				);
				PRODUCT_BUNDLE_IDENTIFIER = mk.ResourceKitSampleApp;
				PRODUCT_NAME = "$(TARGET_NAME)";
				SWIFT_VERSION = 5.0;
				TARGETED_DEVICE_FAMILY = "1,2";
			};
			name = Release;
		};
		6BE256872295FAEF0046B7DD /* Debug */ = {
			isa = XCBuildConfiguration;
			buildSettings = {
				ALWAYS_EMBED_SWIFT_STANDARD_LIBRARIES = YES;
				BUNDLE_LOADER = "$(TEST_HOST)";
				CODE_SIGN_STYLE = Automatic;
				INFOPLIST_FILE = ResourceKitSampleAppTests/Info.plist;
				IPHONEOS_DEPLOYMENT_TARGET = 12.2;
				LD_RUNPATH_SEARCH_PATHS = (
					"$(inherited)",
					"@executable_path/Frameworks",
					"@loader_path/Frameworks",
				);
				PRODUCT_BUNDLE_IDENTIFIER = mk.ResourceKitSampleAppTests;
				PRODUCT_NAME = "$(TARGET_NAME)";
				SWIFT_VERSION = 5.0;
				TARGETED_DEVICE_FAMILY = "1,2";
				TEST_HOST = "$(BUILT_PRODUCTS_DIR)/ResourceKitSampleApp.app/ResourceKitSampleApp";
			};
			name = Debug;
		};
		6BE256882295FAEF0046B7DD /* Release */ = {
			isa = XCBuildConfiguration;
			buildSettings = {
				ALWAYS_EMBED_SWIFT_STANDARD_LIBRARIES = YES;
				BUNDLE_LOADER = "$(TEST_HOST)";
				CODE_SIGN_STYLE = Automatic;
				INFOPLIST_FILE = ResourceKitSampleAppTests/Info.plist;
				IPHONEOS_DEPLOYMENT_TARGET = 12.2;
				LD_RUNPATH_SEARCH_PATHS = (
					"$(inherited)",
					"@executable_path/Frameworks",
					"@loader_path/Frameworks",
				);
				PRODUCT_BUNDLE_IDENTIFIER = mk.ResourceKitSampleAppTests;
				PRODUCT_NAME = "$(TARGET_NAME)";
				SWIFT_VERSION = 5.0;
				TARGETED_DEVICE_FAMILY = "1,2";
				TEST_HOST = "$(BUILT_PRODUCTS_DIR)/ResourceKitSampleApp.app/ResourceKitSampleApp";
			};
			name = Release;
		};
/* End XCBuildConfiguration section */

/* Begin XCConfigurationList section */
		6BC5C06B225FDC4E0055170F /* Build configuration list for PBXProject "ResourceKit" */ = {
			isa = XCConfigurationList;
			buildConfigurations = (
				6BC5C083225FDC4E0055170F /* Debug */,
				6BC5C084225FDC4E0055170F /* Release */,
			);
			defaultConfigurationIsVisible = 0;
			defaultConfigurationName = Release;
		};
		6BC5C085225FDC4E0055170F /* Build configuration list for PBXNativeTarget "ResourceKit" */ = {
			isa = XCConfigurationList;
			buildConfigurations = (
				6BC5C086225FDC4E0055170F /* Debug */,
				6BC5C087225FDC4E0055170F /* Release */,
			);
			defaultConfigurationIsVisible = 0;
			defaultConfigurationName = Release;
		};
		6BC5C088225FDC4E0055170F /* Build configuration list for PBXNativeTarget "ResourceKitTests" */ = {
			isa = XCConfigurationList;
			buildConfigurations = (
				6BC5C089225FDC4E0055170F /* Debug */,
				6BC5C08A225FDC4E0055170F /* Release */,
			);
			defaultConfigurationIsVisible = 0;
			defaultConfigurationName = Release;
		};
		6BE256892295FAEF0046B7DD /* Build configuration list for PBXNativeTarget "ResourceKitSampleApp" */ = {
			isa = XCConfigurationList;
			buildConfigurations = (
				6BE256852295FAEF0046B7DD /* Debug */,
				6BE256862295FAEF0046B7DD /* Release */,
			);
			defaultConfigurationIsVisible = 0;
			defaultConfigurationName = Release;
		};
		6BE2568A2295FAEF0046B7DD /* Build configuration list for PBXNativeTarget "ResourceKitSampleAppTests" */ = {
			isa = XCConfigurationList;
			buildConfigurations = (
				6BE256872295FAEF0046B7DD /* Debug */,
				6BE256882295FAEF0046B7DD /* Release */,
			);
			defaultConfigurationIsVisible = 0;
			defaultConfigurationName = Release;
		};
/* End XCConfigurationList section */
	};
	rootObject = 6BC5C068225FDC4E0055170F /* Project object */;
}
